lockfileVersion: '6.0'

settings:
  autoInstallPeers: true
  excludeLinksFromLockfile: false

dependencies:
  lucide-react:
    specifier: ^0.563.0
    version: 0.563.0(react@19.2.4)

packages:

  /lucide-react@0.563.0(react@19.2.4):
    resolution: {integrity: sha512-8dXPB2GI4dI8jV4MgUDGBeLdGk8ekfqVZ0BdLcrRzocGgG75ltNEmWS+gE7uokKF/0oSUuczNDT+g9hFJ23FkA==}
    peerDependencies:
      react: ^16.5.1 || ^17.0.0 || ^18.0.0 || ^19.0.0
    dependencies:
      react: 19.2.4
    dev: false

  /react@19.2.4:
    resolution: {integrity: sha512-9nfp2hYpCwOjAN+8TZFGhtWEwgvWHXqESH8qT89AT/lWklpLON22Lc8pEtnpsZz7VmawabSU0gCjnj8aC0euHQ==}
    engines: {node: '>=0.10.0'}
    dev: false
